// !$*UTF8*$!
{
	archiveVersion = 1;
	classes = {
	};
	objectVersion = 56;
	objects = {

/* Begin PBXBuildFile section */
		EF79C2622C0EF618009E66BD /* AppDelegate.swift in Sources */ = {isa = PBXBuildFile; fileRef = EF79C2612C0EF618009E66BD /* AppDelegate.swift */; };
		EF79C2642C0EF618009E66BD /* SceneDelegate.swift in Sources */ = {isa = PBXBuildFile; fileRef = EF79C2632C0EF618009E66BD /* SceneDelegate.swift */; };
		EF79C2662C0EF618009E66BD /* ViewController.swift in Sources */ = {isa = PBXBuildFile; fileRef = EF79C2652C0EF618009E66BD /* ViewController.swift */; };
		EF79C26B2C0EF619009E66BD /* Assets.xcassets in Resources */ = {isa = PBXBuildFile; fileRef = EF79C26A2C0EF619009E66BD /* Assets.xcassets */; };
		EF79C26E2C0EF619009E66BD /* Base in Resources */ = {isa = PBXBuildFile; fileRef = EF79C26D2C0EF619009E66BD /* Base */; };
		EF79C2762C0EFD3E009E66BD /* SignUpViewController.swift in Sources */ = {isa = PBXBuildFile; fileRef = EF79C2752C0EFD3E009E66BD /* SignUpViewController.swift */; };
		EF79C2792C0EFEFB009E66BD /* SnapKit in Frameworks */ = {isa = PBXBuildFile; productRef = EF79C2782C0EFEFB009E66BD /* SnapKit */; };
		EF79C27B2C0F2D65009E66BD /* UILabel+.swift in Sources */ = {isa = PBXBuildFile; fileRef = EF79C27A2C0F2D65009E66BD /* UILabel+.swift */; };
		EF79C27D2C0F2E3B009E66BD /* UIImageView+.swift in Sources */ = {isa = PBXBuildFile; fileRef = EF79C27C2C0F2E3B009E66BD /* UIImageView+.swift */; };
		EF79C27F2C0F31CC009E66BD /* UIButton+.swift in Sources */ = {isa = PBXBuildFile; fileRef = EF79C27E2C0F31CC009E66BD /* UIButton+.swift */; };
		EF79C2812C0F6ED3009E66BD /* UITextField+.swift in Sources */ = {isa = PBXBuildFile; fileRef = EF79C2802C0F6ED3009E66BD /* UITextField+.swift */; };
		EF79C3092C12E86F009E66BD /* BoxOfficeViewController.swift in Sources */ = {isa = PBXBuildFile; fileRef = EF79C3082C12E86F009E66BD /* BoxOfficeViewController.swift */; };
		EF79C30C2C12F72E009E66BD /* Alamofire in Frameworks */ = {isa = PBXBuildFile; productRef = EF79C30B2C12F72E009E66BD /* Alamofire */; };
		EF79C30E2C12F7ED009E66BD /* .gitignore in Resources */ = {isa = PBXBuildFile; fileRef = EF79C30D2C12F7ED009E66BD /* .gitignore */; };
/* End PBXBuildFile section */

/* Begin PBXFileReference section */
		EF79C25E2C0EF618009E66BD /* MediaProject.app */ = {isa = PBXFileReference; explicitFileType = wrapper.application; includeInIndex = 0; path = MediaProject.app; sourceTree = BUILT_PRODUCTS_DIR; };
		EF79C2612C0EF618009E66BD /* AppDelegate.swift */ = {isa = PBXFileReference; lastKnownFileType = sourcecode.swift; path = AppDelegate.swift; sourceTree = "<group>"; };
		EF79C2632C0EF618009E66BD /* SceneDelegate.swift */ = {isa = PBXFileReference; lastKnownFileType = sourcecode.swift; path = SceneDelegate.swift; sourceTree = "<group>"; };
		EF79C2652C0EF618009E66BD /* ViewController.swift */ = {isa = PBXFileReference; lastKnownFileType = sourcecode.swift; path = ViewController.swift; sourceTree = "<group>"; };
		EF79C26A2C0EF619009E66BD /* Assets.xcassets */ = {isa = PBXFileReference; lastKnownFileType = folder.assetcatalog; path = Assets.xcassets; sourceTree = "<group>"; };
		EF79C26D2C0EF619009E66BD /* Base */ = {isa = PBXFileReference; lastKnownFileType = file.storyboard; name = Base; path = Base.lproj/LaunchScreen.storyboard; sourceTree = "<group>"; };
		EF79C26F2C0EF619009E66BD /* Info.plist */ = {isa = PBXFileReference; lastKnownFileType = text.plist.xml; path = Info.plist; sourceTree = "<group>"; };
		EF79C2752C0EFD3E009E66BD /* SignUpViewController.swift */ = {isa = PBXFileReference; lastKnownFileType = sourcecode.swift; path = SignUpViewController.swift; sourceTree = "<group>"; };
		EF79C27A2C0F2D65009E66BD /* UILabel+.swift */ = {isa = PBXFileReference; lastKnownFileType = sourcecode.swift; path = "UILabel+.swift"; sourceTree = "<group>"; };
		EF79C27C2C0F2E3B009E66BD /* UIImageView+.swift */ = {isa = PBXFileReference; lastKnownFileType = sourcecode.swift; path = "UIImageView+.swift"; sourceTree = "<group>"; };
		EF79C27E2C0F31CC009E66BD /* UIButton+.swift */ = {isa = PBXFileReference; lastKnownFileType = sourcecode.swift; path = "UIButton+.swift"; sourceTree = "<group>"; };
		EF79C2802C0F6ED3009E66BD /* UITextField+.swift */ = {isa = PBXFileReference; lastKnownFileType = sourcecode.swift; path = "UITextField+.swift"; sourceTree = "<group>"; };
		EF79C3082C12E86F009E66BD /* BoxOfficeViewController.swift */ = {isa = PBXFileReference; lastKnownFileType = sourcecode.swift; path = BoxOfficeViewController.swift; sourceTree = "<group>"; };
		EF79C30D2C12F7ED009E66BD /* .gitignore */ = {isa = PBXFileReference; lastKnownFileType = text; path = .gitignore; sourceTree = "<group>"; };
/* End PBXFileReference section */

/* Begin PBXFrameworksBuildPhase section */
		EF79C25B2C0EF618009E66BD /* Frameworks */ = {
			isa = PBXFrameworksBuildPhase;
			buildActionMask = 2147483647;
			files = (
				EF79C2792C0EFEFB009E66BD /* SnapKit in Frameworks */,
				EF79C30C2C12F72E009E66BD /* Alamofire in Frameworks */,
			);
			runOnlyForDeploymentPostprocessing = 0;
		};
/* End PBXFrameworksBuildPhase section */

/* Begin PBXGroup section */
		EF79C2552C0EF618009E66BD = {
			isa = PBXGroup;
			children = (
				EF79C30D2C12F7ED009E66BD /* .gitignore */,
				EF79C2602C0EF618009E66BD /* MediaProject */,
				EF79C25F2C0EF618009E66BD /* Products */,
			);
			sourceTree = "<group>";
		};
		EF79C25F2C0EF618009E66BD /* Products */ = {
			isa = PBXGroup;
			children = (
				EF79C25E2C0EF618009E66BD /* MediaProject.app */,
			);
			name = Products;
			sourceTree = "<group>";
		};
		EF79C2602C0EF618009E66BD /* MediaProject */ = {
			isa = PBXGroup;
			children = (
				EF79C3072C12E688009E66BD /* extensions */,
				EF79C2612C0EF618009E66BD /* AppDelegate.swift */,
				EF79C2632C0EF618009E66BD /* SceneDelegate.swift */,
				EF79C2652C0EF618009E66BD /* ViewController.swift */,
				EF79C2752C0EFD3E009E66BD /* SignUpViewController.swift */,
				EF79C26A2C0EF619009E66BD /* Assets.xcassets */,
				EF79C26C2C0EF619009E66BD /* LaunchScreen.storyboard */,
				EF79C26F2C0EF619009E66BD /* Info.plist */,
				EF79C3082C12E86F009E66BD /* BoxOfficeViewController.swift */,
			);
			path = MediaProject;
			sourceTree = "<group>";
		};
		EF79C3072C12E688009E66BD /* extensions */ = {
			isa = PBXGroup;
			children = (
				EF79C27A2C0F2D65009E66BD /* UILabel+.swift */,
				EF79C27C2C0F2E3B009E66BD /* UIImageView+.swift */,
				EF79C27E2C0F31CC009E66BD /* UIButton+.swift */,
				EF79C2802C0F6ED3009E66BD /* UITextField+.swift */,
			);
			path = extensions;
			sourceTree = "<group>";
		};
/* End PBXGroup section */

/* Begin PBXNativeTarget section */
		EF79C25D2C0EF618009E66BD /* MediaProject */ = {
			isa = PBXNativeTarget;
			buildConfigurationList = EF79C2722C0EF619009E66BD /* Build configuration list for PBXNativeTarget "MediaProject" */;
			buildPhases = (
				EF79C25A2C0EF618009E66BD /* Sources */,
				EF79C25B2C0EF618009E66BD /* Frameworks */,
				EF79C25C2C0EF618009E66BD /* Resources */,
			);
			buildRules = (
			);
			dependencies = (
			);
			name = MediaProject;
			packageProductDependencies = (
				EF79C2782C0EFEFB009E66BD /* SnapKit */,
				EF79C30B2C12F72E009E66BD /* Alamofire */,
			);
			productName = MediaProject;
			productReference = EF79C25E2C0EF618009E66BD /* MediaProject.app */;
			productType = "com.apple.product-type.application";
		};
/* End PBXNativeTarget section */

/* Begin PBXProject section */
		EF79C2562C0EF618009E66BD /* Project object */ = {
			isa = PBXProject;
			attributes = {
				BuildIndependentTargetsInParallel = 1;
				LastSwiftUpdateCheck = 1530;
				LastUpgradeCheck = 1530;
				TargetAttributes = {
					EF79C25D2C0EF618009E66BD = {
						CreatedOnToolsVersion = 15.3;
					};
				};
			};
			buildConfigurationList = EF79C2592C0EF618009E66BD /* Build configuration list for PBXProject "MediaProject" */;
			compatibilityVersion = "Xcode 14.0";
			developmentRegion = en;
			hasScannedForEncodings = 0;
			knownRegions = (
				en,
				Base,
			);
			mainGroup = EF79C2552C0EF618009E66BD;
			packageReferences = (
				EF79C2772C0EFEFB009E66BD /* XCRemoteSwiftPackageReference "SnapKit" */,
				EF79C30A2C12F72E009E66BD /* XCRemoteSwiftPackageReference "Alamofire" */,
			);
			productRefGroup = EF79C25F2C0EF618009E66BD /* Products */;
			projectDirPath = "";
			projectRoot = "";
			targets = (
				EF79C25D2C0EF618009E66BD /* MediaProject */,
			);
		};
/* End PBXProject section */

/* Begin PBXResourcesBuildPhase section */
		EF79C25C2C0EF618009E66BD /* Resources */ = {
			isa = PBXResourcesBuildPhase;
			buildActionMask = 2147483647;
			files = (
				EF79C26B2C0EF619009E66BD /* Assets.xcassets in Resources */,
				EF79C30E2C12F7ED009E66BD /* .gitignore in Resources */,
				EF79C26E2C0EF619009E66BD /* Base in Resources */,
			);
			runOnlyForDeploymentPostprocessing = 0;
		};
/* End PBXResourcesBuildPhase section */

/* Begin PBXSourcesBuildPhase section */
		EF79C25A2C0EF618009E66BD /* Sources */ = {
			isa = PBXSourcesBuildPhase;
			buildActionMask = 2147483647;
			files = (
				EF79C27D2C0F2E3B009E66BD /* UIImageView+.swift in Sources */,
				EF79C27F2C0F31CC009E66BD /* UIButton+.swift in Sources */,
				EF79C2662C0EF618009E66BD /* ViewController.swift in Sources */,
				EF79C2622C0EF618009E66BD /* AppDelegate.swift in Sources */,
				EF79C27B2C0F2D65009E66BD /* UILabel+.swift in Sources */,
				EF79C2762C0EFD3E009E66BD /* SignUpViewController.swift in Sources */,
				EF79C2642C0EF618009E66BD /* SceneDelegate.swift in Sources */,
				EF79C2812C0F6ED3009E66BD /* UITextField+.swift in Sources */,
				EF79C3092C12E86F009E66BD /* BoxOfficeViewController.swift in Sources */,
			);
			runOnlyForDeploymentPostprocessing = 0;
		};
/* End PBXSourcesBuildPhase section */

/* Begin PBXVariantGroup section */
		EF79C26C2C0EF619009E66BD /* LaunchScreen.storyboard */ = {
			isa = PBXVariantGroup;
			children = (
				EF79C26D2C0EF619009E66BD /* Base */,
			);
			name = LaunchScreen.storyboard;
			sourceTree = "<group>";
		};
/* End PBXVariantGroup section */

/* Begin XCBuildConfiguration section */
		EF79C2702C0EF619009E66BD /* Debug */ = {
			isa = XCBuildConfiguration;
			buildSettings = {
				ALWAYS_SEARCH_USER_PATHS = NO;
				ASSETCATALOG_COMPILER_GENERATE_SWIFT_ASSET_SYMBOL_EXTENSIONS = YES;
				CLANG_ANALYZER_NONNULL = YES;
				CLANG_ANALYZER_NUMBER_OBJECT_CONVERSION = YES_AGGRESSIVE;
				CLANG_CXX_LANGUAGE_STANDARD = "gnu++20";
				CLANG_ENABLE_MODULES = YES;
				CLANG_ENABLE_OBJC_ARC = YES;
				CLANG_ENABLE_OBJC_WEAK = YES;
				CLANG_WARN_BLOCK_CAPTURE_AUTORELEASING = YES;
				CLANG_WARN_BOOL_CONVERSION = YES;
				CLANG_WARN_COMMA = YES;
				CLANG_WARN_CONSTANT_CONVERSION = YES;
				CLANG_WARN_DEPRECATED_OBJC_IMPLEMENTATIONS = YES;
				CLANG_WARN_DIRECT_OBJC_ISA_USAGE = YES_ERROR;
				CLANG_WARN_DOCUMENTATION_COMMENTS = YES;
				CLANG_WARN_EMPTY_BODY = YES;
				CLANG_WARN_ENUM_CONVERSION = YES;
				CLANG_WARN_INFINITE_RECURSION = YES;
				CLANG_WARN_INT_CONVERSION = YES;
				CLANG_WARN_NON_LITERAL_NULL_CONVERSION = YES;
				CLANG_WARN_OBJC_IMPLICIT_RETAIN_SELF = YES;
				CLANG_WARN_OBJC_LITERAL_CONVERSION = YES;
				CLANG_WARN_OBJC_ROOT_CLASS = YES_ERROR;
				CLANG_WARN_QUOTED_INCLUDE_IN_FRAMEWORK_HEADER = YES;
				CLANG_WARN_RANGE_LOOP_ANALYSIS = YES;
				CLANG_WARN_STRICT_PROTOTYPES = YES;
				CLANG_WARN_SUSPICIOUS_MOVE = YES;
				CLANG_WARN_UNGUARDED_AVAILABILITY = YES_AGGRESSIVE;
				CLANG_WARN_UNREACHABLE_CODE = YES;
				CLANG_WARN__DUPLICATE_METHOD_MATCH = YES;
				COPY_PHASE_STRIP = NO;
				DEBUG_INFORMATION_FORMAT = dwarf;
				ENABLE_STRICT_OBJC_MSGSEND = YES;
				ENABLE_TESTABILITY = YES;
				ENABLE_USER_SCRIPT_SANDBOXING = YES;
				GCC_C_LANGUAGE_STANDARD = gnu17;
				GCC_DYNAMIC_NO_PIC = NO;
				GCC_NO_COMMON_BLOCKS = YES;
				GCC_OPTIMIZATION_LEVEL = 0;
				GCC_PREPROCESSOR_DEFINITIONS = (
					"DEBUG=1",
					"$(inherited)",
				);
				GCC_WARN_64_TO_32_BIT_CONVERSION = YES;
				GCC_WARN_ABOUT_RETURN_TYPE = YES_ERROR;
				GCC_WARN_UNDECLARED_SELECTOR = YES;
				GCC_WARN_UNINITIALIZED_AUTOS = YES_AGGRESSIVE;
				GCC_WARN_UNUSED_FUNCTION = YES;
				GCC_WARN_UNUSED_VARIABLE = YES;
				IPHONEOS_DEPLOYMENT_TARGET = 17.4;
				LOCALIZATION_PREFERS_STRING_CATALOGS = YES;
				MTL_ENABLE_DEBUG_INFO = INCLUDE_SOURCE;
				MTL_FAST_MATH = YES;
				ONLY_ACTIVE_ARCH = YES;
				SDKROOT = iphoneos;
				SWIFT_ACTIVE_COMPILATION_CONDITIONS = "DEBUG $(inherited)";
				SWIFT_OPTIMIZATION_LEVEL = "-Onone";
			};
			name = Debug;
		};
		EF79C2712C0EF619009E66BD /* Release */ = {
			isa = XCBuildConfiguration;
			buildSettings = {
				ALWAYS_SEARCH_USER_PATHS = NO;
				ASSETCATALOG_COMPILER_GENERATE_SWIFT_ASSET_SYMBOL_EXTENSIONS = YES;
				CLANG_ANALYZER_NONNULL = YES;
				CLANG_ANALYZER_NUMBER_OBJECT_CONVERSION = YES_AGGRESSIVE;
				CLANG_CXX_LANGUAGE_STANDARD = "gnu++20";
				CLANG_ENABLE_MODULES = YES;
				CLANG_ENABLE_OBJC_ARC = YES;
				CLANG_ENABLE_OBJC_WEAK = YES;
				CLANG_WARN_BLOCK_CAPTURE_AUTORELEASING = YES;
				CLANG_WARN_BOOL_CONVERSION = YES;
				CLANG_WARN_COMMA = YES;
				CLANG_WARN_CONSTANT_CONVERSION = YES;
				CLANG_WARN_DEPRECATED_OBJC_IMPLEMENTATIONS = YES;
				CLANG_WARN_DIRECT_OBJC_ISA_USAGE = YES_ERROR;
				CLANG_WARN_DOCUMENTATION_COMMENTS = YES;
				CLANG_WARN_EMPTY_BODY = YES;
				CLANG_WARN_ENUM_CONVERSION = YES;
				CLANG_WARN_INFINITE_RECURSION = YES;
				CLANG_WARN_INT_CONVERSION = YES;
				CLANG_WARN_NON_LITERAL_NULL_CONVERSION = YES;
				CLANG_WARN_OBJC_IMPLICIT_RETAIN_SELF = YES;
				CLANG_WARN_OBJC_LITERAL_CONVERSION = YES;
				CLANG_WARN_OBJC_ROOT_CLASS = YES_ERROR;
				CLANG_WARN_QUOTED_INCLUDE_IN_FRAMEWORK_HEADER = YES;
				CLANG_WARN_RANGE_LOOP_ANALYSIS = YES;
				CLANG_WARN_STRICT_PROTOTYPES = YES;
				CLANG_WARN_SUSPICIOUS_MOVE = YES;
				CLANG_WARN_UNGUARDED_AVAILABILITY = YES_AGGRESSIVE;
				CLANG_WARN_UNREACHABLE_CODE = YES;
				CLANG_WARN__DUPLICATE_METHOD_MATCH = YES;
				COPY_PHASE_STRIP = NO;
				DEBUG_INFORMATION_FORMAT = "dwarf-with-dsym";
				ENABLE_NS_ASSERTIONS = NO;
				ENABLE_STRICT_OBJC_MSGSEND = YES;
				ENABLE_USER_SCRIPT_SANDBOXING = YES;
				GCC_C_LANGUAGE_STANDARD = gnu17;
				GCC_NO_COMMON_BLOCKS = YES;
				GCC_WARN_64_TO_32_BIT_CONVERSION = YES;
				GCC_WARN_ABOUT_RETURN_TYPE = YES_ERROR;
				GCC_WARN_UNDECLARED_SELECTOR = YES;
				GCC_WARN_UNINITIALIZED_AUTOS = YES_AGGRESSIVE;
				GCC_WARN_UNUSED_FUNCTION = YES;
				GCC_WARN_UNUSED_VARIABLE = YES;
				IPHONEOS_DEPLOYMENT_TARGET = 17.4;
				LOCALIZATION_PREFERS_STRING_CATALOGS = YES;
				MTL_ENABLE_DEBUG_INFO = NO;
				MTL_FAST_MATH = YES;
				SDKROOT = iphoneos;
				SWIFT_COMPILATION_MODE = wholemodule;
				VALIDATE_PRODUCT = YES;
			};
			name = Release;
		};
		EF79C2732C0EF619009E66BD /* Debug */ = {
			isa = XCBuildConfiguration;
			buildSettings = {
				ASSETCATALOG_COMPILER_APPICON_NAME = AppIcon;
				ASSETCATALOG_COMPILER_GLOBAL_ACCENT_COLOR_NAME = AccentColor;
				CODE_SIGN_STYLE = Automatic;
				CURRENT_PROJECT_VERSION = 1;
				GENERATE_INFOPLIST_FILE = YES;
				INFOPLIST_FILE = MediaProject/Info.plist;
				INFOPLIST_KEY_UIApplicationSupportsIndirectInputEvents = YES;
				INFOPLIST_KEY_UILaunchStoryboardName = LaunchScreen;
				INFOPLIST_KEY_UISupportedInterfaceOrientations = UIInterfaceOrientationPortrait;
				INFOPLIST_KEY_UISupportedInterfaceOrientations_iPad = "UIInterfaceOrientationLandscapeLeft UIInterfaceOrientationLandscapeRight UIInterfaceOrientationPortrait UIInterfaceOrientationPortraitUpsideDown";
				IPHONEOS_DEPLOYMENT_TARGET = 16.0;
				LD_RUNPATH_SEARCH_PATHS = (
					"$(inherited)",
					"@executable_path/Frameworks",
				);
				MARKETING_VERSION = 1.0;
				PRODUCT_BUNDLE_IDENTIFIER = com.seunghye.MediaProject;
				PRODUCT_NAME = "$(TARGET_NAME)";
				SUPPORTED_PLATFORMS = "iphoneos iphonesimulator";
				SUPPORTS_MACCATALYST = NO;
				SUPPORTS_MAC_DESIGNED_FOR_IPHONE_IPAD = NO;
				SUPPORTS_XR_DESIGNED_FOR_IPHONE_IPAD = NO;
				SWIFT_EMIT_LOC_STRINGS = YES;
				SWIFT_VERSION = 5.0;
				TARGETED_DEVICE_FAMILY = 1;
			};
			name = Debug;
		};
		EF79C2742C0EF619009E66BD /* Release */ = {
			isa = XCBuildConfiguration;
			buildSettings = {
				ASSETCATALOG_COMPILER_APPICON_NAME = AppIcon;
				ASSETCATALOG_COMPILER_GLOBAL_ACCENT_COLOR_NAME = AccentColor;
				CODE_SIGN_STYLE = Automatic;
				CURRENT_PROJECT_VERSION = 1;
				GENERATE_INFOPLIST_FILE = YES;
				INFOPLIST_FILE = MediaProject/Info.plist;
				INFOPLIST_KEY_UIApplicationSupportsIndirectInputEvents = YES;
				INFOPLIST_KEY_UILaunchStoryboardName = LaunchScreen;
				INFOPLIST_KEY_UISupportedInterfaceOrientations = UIInterfaceOrientationPortrait;
				INFOPLIST_KEY_UISupportedInterfaceOrientations_iPad = "UIInterfaceOrientationLandscapeLeft UIInterfaceOrientationLandscapeRight UIInterfaceOrientationPortrait UIInterfaceOrientationPortraitUpsideDown";
				IPHONEOS_DEPLOYMENT_TARGET = 16.0;
				LD_RUNPATH_SEARCH_PATHS = (
					"$(inherited)",
					"@executable_path/Frameworks",
				);
				MARKETING_VERSION = 1.0;
				PRODUCT_BUNDLE_IDENTIFIER = com.seunghye.MediaProject;
				PRODUCT_NAME = "$(TARGET_NAME)";
				SUPPORTED_PLATFORMS = "iphoneos iphonesimulator";
				SUPPORTS_MACCATALYST = NO;
				SUPPORTS_MAC_DESIGNED_FOR_IPHONE_IPAD = NO;
				SUPPORTS_XR_DESIGNED_FOR_IPHONE_IPAD = NO;
				SWIFT_EMIT_LOC_STRINGS = YES;
				SWIFT_VERSION = 5.0;
				TARGETED_DEVICE_FAMILY = 1;
			};
			name = Release;
		};
/* End XCBuildConfiguration section */

/* Begin XCConfigurationList section */
		EF79C2592C0EF618009E66BD /* Build configuration list for PBXProject "MediaProject" */ = {
			isa = XCConfigurationList;
			buildConfigurations = (
				EF79C2702C0EF619009E66BD /* Debug */,
				EF79C2712C0EF619009E66BD /* Release */,
			);
			defaultConfigurationIsVisible = 0;
			defaultConfigurationName = Release;
		};
		EF79C2722C0EF619009E66BD /* Build configuration list for PBXNativeTarget "MediaProject" */ = {
			isa = XCConfigurationList;
			buildConfigurations = (
				EF79C2732C0EF619009E66BD /* Debug */,
				EF79C2742C0EF619009E66BD /* Release */,
			);
			defaultConfigurationIsVisible = 0;
			defaultConfigurationName = Release;
		};
/* End XCConfigurationList section */

/* Begin XCRemoteSwiftPackageReference section */
		EF79C2772C0EFEFB009E66BD /* XCRemoteSwiftPackageReference "SnapKit" */ = {
			isa = XCRemoteSwiftPackageReference;
			repositoryURL = "https://github.com/SnapKit/SnapKit.git";
			requirement = {
				kind = upToNextMajorVersion;
				minimumVersion = 5.7.1;
			};
		};
		EF79C30A2C12F72E009E66BD /* XCRemoteSwiftPackageReference "Alamofire" */ = {
			isa = XCRemoteSwiftPackageReference;
			repositoryURL = "https://github.com/Alamofire/Alamofire.git";
			requirement = {
				kind = upToNextMajorVersion;
				minimumVersion = 5.9.1;
			};
		};
/* End XCRemoteSwiftPackageReference section */

/* Begin XCSwiftPackageProductDependency section */
		EF79C2782C0EFEFB009E66BD /* SnapKit */ = {
			isa = XCSwiftPackageProductDependency;
			package = EF79C2772C0EFEFB009E66BD /* XCRemoteSwiftPackageReference "SnapKit" */;
			productName = SnapKit;
		};
		EF79C30B2C12F72E009E66BD /* Alamofire */ = {
			isa = XCSwiftPackageProductDependency;
			package = EF79C30A2C12F72E009E66BD /* XCRemoteSwiftPackageReference "Alamofire" */;
			productName = Alamofire;
		};
/* End XCSwiftPackageProductDependency section */
	};
	rootObject = EF79C2562C0EF618009E66BD /* Project object */;
}
